
Microsoft Visual Studio Solution File, Format Version 12.00
# Visual Studio 2012
Project("{FAE04EC0-301F-11D3-BF4B-00C04F79EFBC}") = "SharePoint.TestLab", "SharePoint.TestLab\SharePoint.TestLab.csproj", "{663526B0-8E49-4BA5-81BD-5E09C23CB1AC}"
EndProject
Project("{FAE04EC0-301F-11D3-BF4B-00C04F79EFBC}") = "SharePoint.TestLab.TestThreshold", "SharePoint.TestLab.TestThreshold\SharePoint.TestLab.TestThreshold.csproj", "{E9A364A4-EC83-4CF5-9EC7-6D431B3CF138}"
EndProject
Project("{FAE04EC0-301F-11D3-BF4B-00C04F79EFBC}") = "SharePoint.TestLab.Helper", "SharePoint.TestLab.Helper\SharePoint.TestLab.Helper.csproj", "{295091B2-DF90-4BCF-8E39-E8D1539E3F44}"
EndProject
Project("{FAE04EC0-301F-11D3-BF4B-00C04F79EFBC}") = "SharePoint.TestLab.CustomAction", "SharePoint.TestLab.CustomAction\SharePoint.TestLab.CustomAction.csproj", "{04C4CD6F-4EB5-4A3B-A7C1-06D2A92B8B09}"
EndProject
Project("{FAE04EC0-301F-11D3-BF4B-00C04F79EFBC}") = "SharePoint.TestLab.RecordsRepository", "SharePoint.TestLab.RecordsRepository\SharePoint.TestLab.RecordsRepository.csproj", "{74F426CE-DF40-4092-8BD2-67D5F996BC2F}"
EndProject
Project("{FAE04EC0-301F-11D3-BF4B-00C04F79EFBC}") = "SharePoint.TestLab.AnonymousUser", "SharePoint.TestLab.AnonymousUser\SharePoint.TestLab.AnonymousUser.csproj", "{DAD6AE95-BD47-4C45-A7B6-7027972839D8}"
EndProject
Project("{FAE04EC0-301F-11D3-BF4B-00C04F79EFBC}") = "SharePoint.TestLab.WebControls", "SharePoint.TestLab.WebControls\SharePoint.TestLab.WebControls.csproj", "{02BEECCE-EDCC-44C7-B613-6C6AD1F5A453}"
EndProject
Project("{FAE04EC0-301F-11D3-BF4B-00C04F79EFBC}") = "SharePoint.TestLab.ClientOM", "SharePoint.TestLab.ClientOM\SharePoint.TestLab.ClientOM.csproj", "{4C1900C0-F03E-42FC-AF04-B52C35EF4210}"
EndProject
Project("{FAE04EC0-301F-11D3-BF4B-00C04F79EFBC}") = "SharePoint.TestLab.ActiveDirectoryUtility", "SharePoint.TestLab.ActiveDirectoryUtility\SharePoint.TestLab.ActiveDirectoryUtility.csproj", "{A33DEABC-3FE4-46B6-8382-7960263E33E9}"
EndProject
Project("{FAE04EC0-301F-11D3-BF4B-00C04F79EFBC}") = "SharePoint.TestLab.ClientOMConsole", "SharePoint.TestLab.ClientOMConsole\SharePoint.TestLab.ClientOMConsole.csproj", "{5DFD6000-71DF-46F9-B01B-EA90BC86ED6D}"
EndProject
Project("{FAE04EC0-301F-11D3-BF4B-00C04F79EFBC}") = "SharePoint.TestLab.Query", "SharePoint.TestLab.Query\SharePoint.TestLab.Query.csproj", "{04F7427D-0D98-4BE9-AD2E-127EBCDC4E6C}"
EndProject
Project("{FAE04EC0-301F-11D3-BF4B-00C04F79EFBC}") = "SharePoint.TestLab.Sandbox", "SharePoint.TestLab.Sandbox\SharePoint.TestLab.Sandbox.csproj", "{04BF9B79-6864-4122-B5A1-7BBD5C2896B8}"
EndProject
Project("{FAE04EC0-301F-11D3-BF4B-00C04F79EFBC}") = "SharePoint.TestLab.JQuery", "SharePoint.TestLab.JQuery\SharePoint.TestLab.JQuery.csproj", "{35AFD3F8-64A4-48A1-A03F-B5ADD476EB02}"
EndProject
Project("{FAE04EC0-301F-11D3-BF4B-00C04F79EFBC}") = "SharePoint.TestLab.Callouts", "SharePoint.TestLab.Callouts\SharePoint.TestLab.Callouts.csproj", "{3C07353B-5FEB-42D9-BC5C-03B8B489833F}"
EndProject
Project("{FAE04EC0-301F-11D3-BF4B-00C04F79EFBC}") = "SharePoint.TestLab.WorkflowTrigger", "SharePoint.TestLab.WorkflowTrigger\SharePoint.TestLab.WorkflowTrigger.csproj", "{3B664E02-41CE-4ED5-9CA3-764BF9800EF7}"
EndProject
Project("{FAE04EC0-301F-11D3-BF4B-00C04F79EFBC}") = "SharePoint.TestLab.Ribbon", "SharePoint.TestLab.Ribbon\SharePoint.TestLab.Ribbon.csproj", "{0A36761D-E749-48EB-89E6-E24E1ADD3A37}"
EndProject
Global
	GlobalSection(SolutionConfigurationPlatforms) = preSolution
		Debug|Any CPU = Debug|Any CPU
		Release|Any CPU = Release|Any CPU
	EndGlobalSection
	GlobalSection(ProjectConfigurationPlatforms) = postSolution
		{663526B0-8E49-4BA5-81BD-5E09C23CB1AC}.Debug|Any CPU.ActiveCfg = Debug|Any CPU
		{663526B0-8E49-4BA5-81BD-5E09C23CB1AC}.Debug|Any CPU.Build.0 = Debug|Any CPU
		{663526B0-8E49-4BA5-81BD-5E09C23CB1AC}.Debug|Any CPU.Deploy.0 = Debug|Any CPU
		{663526B0-8E49-4BA5-81BD-5E09C23CB1AC}.Release|Any CPU.ActiveCfg = Release|Any CPU
		{663526B0-8E49-4BA5-81BD-5E09C23CB1AC}.Release|Any CPU.Build.0 = Release|Any CPU
		{663526B0-8E49-4BA5-81BD-5E09C23CB1AC}.Release|Any CPU.Deploy.0 = Release|Any CPU
		{E9A364A4-EC83-4CF5-9EC7-6D431B3CF138}.Debug|Any CPU.ActiveCfg = Debug|Any CPU
		{E9A364A4-EC83-4CF5-9EC7-6D431B3CF138}.Debug|Any CPU.Build.0 = Debug|Any CPU
		{E9A364A4-EC83-4CF5-9EC7-6D431B3CF138}.Release|Any CPU.ActiveCfg = Release|Any CPU
		{E9A364A4-EC83-4CF5-9EC7-6D431B3CF138}.Release|Any CPU.Build.0 = Release|Any CPU
		{295091B2-DF90-4BCF-8E39-E8D1539E3F44}.Debug|Any CPU.ActiveCfg = Debug|Any CPU
		{295091B2-DF90-4BCF-8E39-E8D1539E3F44}.Debug|Any CPU.Build.0 = Debug|Any CPU
		{295091B2-DF90-4BCF-8E39-E8D1539E3F44}.Release|Any CPU.ActiveCfg = Release|Any CPU
		{295091B2-DF90-4BCF-8E39-E8D1539E3F44}.Release|Any CPU.Build.0 = Release|Any CPU
		{04C4CD6F-4EB5-4A3B-A7C1-06D2A92B8B09}.Debug|Any CPU.ActiveCfg = Debug|Any CPU
		{04C4CD6F-4EB5-4A3B-A7C1-06D2A92B8B09}.Debug|Any CPU.Build.0 = Debug|Any CPU
		{04C4CD6F-4EB5-4A3B-A7C1-06D2A92B8B09}.Debug|Any CPU.Deploy.0 = Debug|Any CPU
		{04C4CD6F-4EB5-4A3B-A7C1-06D2A92B8B09}.Release|Any CPU.ActiveCfg = Release|Any CPU
		{04C4CD6F-4EB5-4A3B-A7C1-06D2A92B8B09}.Release|Any CPU.Build.0 = Release|Any CPU
		{04C4CD6F-4EB5-4A3B-A7C1-06D2A92B8B09}.Release|Any CPU.Deploy.0 = Release|Any CPU
		{74F426CE-DF40-4092-8BD2-67D5F996BC2F}.Debug|Any CPU.ActiveCfg = Debug|Any CPU
		{74F426CE-DF40-4092-8BD2-67D5F996BC2F}.Debug|Any CPU.Build.0 = Debug|Any CPU
		{74F426CE-DF40-4092-8BD2-67D5F996BC2F}.Debug|Any CPU.Deploy.0 = Debug|Any CPU
		{74F426CE-DF40-4092-8BD2-67D5F996BC2F}.Release|Any CPU.ActiveCfg = Release|Any CPU
		{74F426CE-DF40-4092-8BD2-67D5F996BC2F}.Release|Any CPU.Build.0 = Release|Any CPU
		{74F426CE-DF40-4092-8BD2-67D5F996BC2F}.Release|Any CPU.Deploy.0 = Release|Any CPU
		{DAD6AE95-BD47-4C45-A7B6-7027972839D8}.Debug|Any CPU.ActiveCfg = Debug|Any CPU
		{DAD6AE95-BD47-4C45-A7B6-7027972839D8}.Debug|Any CPU.Build.0 = Debug|Any CPU
		{DAD6AE95-BD47-4C45-A7B6-7027972839D8}.Release|Any CPU.ActiveCfg = Release|Any CPU
		{DAD6AE95-BD47-4C45-A7B6-7027972839D8}.Release|Any CPU.Build.0 = Release|Any CPU
		{02BEECCE-EDCC-44C7-B613-6C6AD1F5A453}.Debug|Any CPU.ActiveCfg = Debug|Any CPU
		{02BEECCE-EDCC-44C7-B613-6C6AD1F5A453}.Debug|Any CPU.Build.0 = Debug|Any CPU
		{02BEECCE-EDCC-44C7-B613-6C6AD1F5A453}.Debug|Any CPU.Deploy.0 = Debug|Any CPU
		{02BEECCE-EDCC-44C7-B613-6C6AD1F5A453}.Release|Any CPU.ActiveCfg = Release|Any CPU
		{02BEECCE-EDCC-44C7-B613-6C6AD1F5A453}.Release|Any CPU.Build.0 = Release|Any CPU
		{02BEECCE-EDCC-44C7-B613-6C6AD1F5A453}.Release|Any CPU.Deploy.0 = Release|Any CPU
		{4C1900C0-F03E-42FC-AF04-B52C35EF4210}.Debug|Any CPU.ActiveCfg = Debug|Any CPU
		{4C1900C0-F03E-42FC-AF04-B52C35EF4210}.Debug|Any CPU.Build.0 = Debug|Any CPU
		{4C1900C0-F03E-42FC-AF04-B52C35EF4210}.Debug|Any CPU.Deploy.0 = Debug|Any CPU
		{4C1900C0-F03E-42FC-AF04-B52C35EF4210}.Release|Any CPU.ActiveCfg = Release|Any CPU
		{4C1900C0-F03E-42FC-AF04-B52C35EF4210}.Release|Any CPU.Build.0 = Release|Any CPU
		{4C1900C0-F03E-42FC-AF04-B52C35EF4210}.Release|Any CPU.Deploy.0 = Release|Any CPU
		{A33DEABC-3FE4-46B6-8382-7960263E33E9}.Debug|Any CPU.ActiveCfg = Debug|Any CPU
		{A33DEABC-3FE4-46B6-8382-7960263E33E9}.Debug|Any CPU.Build.0 = Debug|Any CPU
		{A33DEABC-3FE4-46B6-8382-7960263E33E9}.Release|Any CPU.ActiveCfg = Release|Any CPU
		{A33DEABC-3FE4-46B6-8382-7960263E33E9}.Release|Any CPU.Build.0 = Release|Any CPU
		{5DFD6000-71DF-46F9-B01B-EA90BC86ED6D}.Debug|Any CPU.ActiveCfg = Debug|Any CPU
		{5DFD6000-71DF-46F9-B01B-EA90BC86ED6D}.Debug|Any CPU.Build.0 = Debug|Any CPU
		{5DFD6000-71DF-46F9-B01B-EA90BC86ED6D}.Release|Any CPU.ActiveCfg = Release|Any CPU
		{5DFD6000-71DF-46F9-B01B-EA90BC86ED6D}.Release|Any CPU.Build.0 = Release|Any CPU
		{04F7427D-0D98-4BE9-AD2E-127EBCDC4E6C}.Debug|Any CPU.ActiveCfg = Debug|Any CPU
		{04F7427D-0D98-4BE9-AD2E-127EBCDC4E6C}.Debug|Any CPU.Build.0 = Debug|Any CPU
		{04F7427D-0D98-4BE9-AD2E-127EBCDC4E6C}.Release|Any CPU.ActiveCfg = Release|Any CPU
		{04F7427D-0D98-4BE9-AD2E-127EBCDC4E6C}.Release|Any CPU.Build.0 = Release|Any CPU
		{04BF9B79-6864-4122-B5A1-7BBD5C2896B8}.Debug|Any CPU.ActiveCfg = Debug|Any CPU
		{04BF9B79-6864-4122-B5A1-7BBD5C2896B8}.Debug|Any CPU.Build.0 = Debug|Any CPU
		{04BF9B79-6864-4122-B5A1-7BBD5C2896B8}.Debug|Any CPU.Deploy.0 = Debug|Any CPU
		{04BF9B79-6864-4122-B5A1-7BBD5C2896B8}.Release|Any CPU.ActiveCfg = Release|Any CPU
		{04BF9B79-6864-4122-B5A1-7BBD5C2896B8}.Release|Any CPU.Build.0 = Release|Any CPU
		{04BF9B79-6864-4122-B5A1-7BBD5C2896B8}.Release|Any CPU.Deploy.0 = Release|Any CPU
		{35AFD3F8-64A4-48A1-A03F-B5ADD476EB02}.Debug|Any CPU.ActiveCfg = Debug|Any CPU
		{35AFD3F8-64A4-48A1-A03F-B5ADD476EB02}.Debug|Any CPU.Build.0 = Debug|Any CPU
		{35AFD3F8-64A4-48A1-A03F-B5ADD476EB02}.Debug|Any CPU.Deploy.0 = Debug|Any CPU
		{35AFD3F8-64A4-48A1-A03F-B5ADD476EB02}.Release|Any CPU.ActiveCfg = Release|Any CPU
		{35AFD3F8-64A4-48A1-A03F-B5ADD476EB02}.Release|Any CPU.Build.0 = Release|Any CPU
		{35AFD3F8-64A4-48A1-A03F-B5ADD476EB02}.Release|Any CPU.Deploy.0 = Release|Any CPU
		{3C07353B-5FEB-42D9-BC5C-03B8B489833F}.Debug|Any CPU.ActiveCfg = Debug|Any CPU
		{3C07353B-5FEB-42D9-BC5C-03B8B489833F}.Debug|Any CPU.Build.0 = Debug|Any CPU
		{3C07353B-5FEB-42D9-BC5C-03B8B489833F}.Debug|Any CPU.Deploy.0 = Debug|Any CPU
		{3C07353B-5FEB-42D9-BC5C-03B8B489833F}.Release|Any CPU.ActiveCfg = Release|Any CPU
		{3C07353B-5FEB-42D9-BC5C-03B8B489833F}.Release|Any CPU.Build.0 = Release|Any CPU
		{3C07353B-5FEB-42D9-BC5C-03B8B489833F}.Release|Any CPU.Deploy.0 = Release|Any CPU
		{3B664E02-41CE-4ED5-9CA3-764BF9800EF7}.Debug|Any CPU.ActiveCfg = Debug|Any CPU
		{3B664E02-41CE-4ED5-9CA3-764BF9800EF7}.Debug|Any CPU.Build.0 = Debug|Any CPU
		{3B664E02-41CE-4ED5-9CA3-764BF9800EF7}.Debug|Any CPU.Deploy.0 = Debug|Any CPU
		{3B664E02-41CE-4ED5-9CA3-764BF9800EF7}.Release|Any CPU.ActiveCfg = Release|Any CPU
		{3B664E02-41CE-4ED5-9CA3-764BF9800EF7}.Release|Any CPU.Build.0 = Release|Any CPU
		{3B664E02-41CE-4ED5-9CA3-764BF9800EF7}.Release|Any CPU.Deploy.0 = Release|Any CPU
		{0A36761D-E749-48EB-89E6-E24E1ADD3A37}.Debug|Any CPU.ActiveCfg = Debug|Any CPU
		{0A36761D-E749-48EB-89E6-E24E1ADD3A37}.Debug|Any CPU.Build.0 = Debug|Any CPU
		{0A36761D-E749-48EB-89E6-E24E1ADD3A37}.Debug|Any CPU.Deploy.0 = Debug|Any CPU
		{0A36761D-E749-48EB-89E6-E24E1ADD3A37}.Release|Any CPU.ActiveCfg = Release|Any CPU
		{0A36761D-E749-48EB-89E6-E24E1ADD3A37}.Release|Any CPU.Build.0 = Release|Any CPU
		{0A36761D-E749-48EB-89E6-E24E1ADD3A37}.Release|Any CPU.Deploy.0 = Release|Any CPU
	EndGlobalSection
	GlobalSection(SolutionProperties) = preSolution
		HideSolutionNode = FALSE
	EndGlobalSection
EndGlobal
